
Microsoft Visual Studio Solution File, Format Version 12.00
# Visual Studio Version 17
VisualStudioVersion = 17.8.34322.80
MinimumVisualStudioVersion = 10.0.40219.1
Project("{9A19103F-16F7-4668-BE54-9A1E7A4F7556}") = "SweeshopBlazor", "SweeshopBlazor\SweeshopBlazor.csproj", "{2BC6AB00-1233-49D5-90C6-22F628BBAF7F}"
EndProject
Project("{9A19103F-16F7-4668-BE54-9A1E7A4F7556}") = "SweeshopBlazor.Client", "SweeshopBlazor.Client\SweeshopBlazor.Client.csproj", "{44038931-9324-4624-A938-7792B12E7D80}"
EndProject
Project("{9A19103F-16F7-4668-BE54-9A1E7A4F7556}") = "SweetshopBlazor.Shared", "..\SweetShopBlazor.Shared\SweetshopBlazor.Shared.csproj", "{C2662229-33A6-4102-AF70-BAB2288BCE0D}"
EndProject
Global
	GlobalSection(SolutionConfigurationPlatforms) = preSolution
		Debug|Any CPU = Debug|Any CPU
		Release|Any CPU = Release|Any CPU
	EndGlobalSection
	GlobalSection(ProjectConfigurationPlatforms) = postSolution
		{2BC6AB00-1233-49D5-90C6-22F628BBAF7F}.Debug|Any CPU.ActiveCfg = Debug|Any CPU
		{2BC6AB00-1233-49D5-90C6-22F628BBAF7F}.Debug|Any CPU.Build.0 = Debug|Any CPU
		{2BC6AB00-1233-49D5-90C6-22F628BBAF7F}.Release|Any CPU.ActiveCfg = Release|Any CPU
		{2BC6AB00-1233-49D5-90C6-22F628BBAF7F}.Release|Any CPU.Build.0 = Release|Any CPU
		{44038931-9324-4624-A938-7792B12E7D80}.Debug|Any CPU.ActiveCfg = Debug|Any CPU
		{44038931-9324-4624-A938-7792B12E7D80}.Debug|Any CPU.Build.0 = Debug|Any CPU
		{44038931-9324-4624-A938-7792B12E7D80}.Release|Any CPU.ActiveCfg = Release|Any CPU
		{44038931-9324-4624-A938-7792B12E7D80}.Release|Any CPU.Build.0 = Release|Any CPU
		{C2662229-33A6-4102-AF70-BAB2288BCE0D}.Debug|Any CPU.ActiveCfg = Debug|Any CPU
		{C2662229-33A6-4102-AF70-BAB2288BCE0D}.Debug|Any CPU.Build.0 = Debug|Any CPU
		{C2662229-33A6-4102-AF70-BAB2288BCE0D}.Release|Any CPU.ActiveCfg = Release|Any CPU
		{C2662229-33A6-4102-AF70-BAB2288BCE0D}.Release|Any CPU.Build.0 = Release|Any CPU
	EndGlobalSection
	GlobalSection(SolutionProperties) = preSolution
		HideSolutionNode = FALSE
	EndGlobalSection
	GlobalSection(ExtensibilityGlobals) = postSolution
		SolutionGuid = {B33A27A1-87F0-4DDB-9163-7542DBE56845}
	EndGlobalSection
EndGlobal
